
Microsoft Visual Studio Solution File, Format Version 12.00
# Visual Studio 2013
VisualStudioVersion = 12.0.30110.0
MinimumVisualStudioVersion = 10.0.40219.1
Project("{FAE04EC0-301F-11D3-BF4B-00C04F79EFBC}") = "WPF part", "WPF part\WPF part.csproj", "{19D033AE-9D68-4134-A247-ED886FA4982F}"
EndProject
Global
	GlobalSection(SolutionConfigurationPlatforms) = preSolution
		Debug|Any CPU = Debug|Any CPU
		Release|Any CPU = Release|Any CPU
	EndGlobalSection
	GlobalSection(ProjectConfigurationPlatforms) = postSolution
		{19D033AE-9D68-4134-A247-ED886FA4982F}.Debug|Any CPU.ActiveCfg = Debug|Any CPU
		{19D033AE-9D68-4134-A247-ED886FA4982F}.Debug|Any CPU.Build.0 = Debug|Any CPU
		{19D033AE-9D68-4134-A247-ED886FA4982F}.Release|Any CPU.ActiveCfg = Release|Any CPU
		{19D033AE-9D68-4134-A247-ED886FA4982F}.Release|Any CPU.Build.0 = Release|Any CPU
	EndGlobalSection
	GlobalSection(SolutionProperties) = preSolution
		HideSolutionNode = FALSE
	EndGlobalSection
EndGlobal
